{
  "requires": true,
  "lockfileVersion": 1,
  "dependencies": {
    "ensy": {
      "version": "1.4.0",
      "resolved": "https://registry.npmjs.org/ensy/-/ensy-1.4.0.tgz",
      "integrity": "sha512-DkIgYxFMyxJmqiF1TLQwmS29fCiUe6d+GUEyuG8D3CbfCo6NHb8Y51Eu+n9nUvbgYy072/2NR9TWWRxphPmAcg=="
    }
  }
}
