{
  "requires": true,
  "lockfileVersion": 1,
  "dependencies": {
    "hecs": {
      "version": "0.1.0",
      "resolved": "https://registry.npmjs.org/hecs/-/hecs-0.1.0.tgz",
      "integrity": "sha512-xLYX6Thn0M7NJn6XTqQ6MEYhs+gwtSuUh2YWBoe+RBFNmeLuGSgvwnh2w4jniL7hB5hDkPHsxqxDIRuUSQFlJw=="
    }
  }
}
